
Microsoft Visual Studio Solution File, Format Version 12.00
# Visual Studio Version 17
VisualStudioVersion = 17.14.36221.1 d17.14
MinimumVisualStudioVersion = 10.0.40219.1
Project("{FAE04EC0-301F-11D3-BF4B-00C04F79EFBC}") = "dashboardWIPHouse", "dashboardWIPHouse.csproj", "{A76F9A7E-7E05-4BCF-8E9C-D4A70A43BFEC}"
EndProject
Global
	GlobalSection(SolutionConfigurationPlatforms) = preSolution
		Debug|Any CPU = Debug|Any CPU
		Release|Any CPU = Release|Any CPU
	EndGlobalSection
	GlobalSection(ProjectConfigurationPlatforms) = postSolution
		{A76F9A7E-7E05-4BCF-8E9C-D4A70A43BFEC}.Debug|Any CPU.ActiveCfg = Debug|Any CPU
		{A76F9A7E-7E05-4BCF-8E9C-D4A70A43BFEC}.Debug|Any CPU.Build.0 = Debug|Any CPU
		{A76F9A7E-7E05-4BCF-8E9C-D4A70A43BFEC}.Release|Any CPU.ActiveCfg = Release|Any CPU
		{A76F9A7E-7E05-4BCF-8E9C-D4A70A43BFEC}.Release|Any CPU.Build.0 = Release|Any CPU
	EndGlobalSection
	GlobalSection(SolutionProperties) = preSolution
		HideSolutionNode = FALSE
	EndGlobalSection
	GlobalSection(ExtensibilityGlobals) = postSolution
		SolutionGuid = {EB8C826F-BA47-459A-95A3-2FBAAC306FC4}
	EndGlobalSection
EndGlobal
